// !$*UTF8*$!
{
	archiveVersion = 1;
	classes = {
	};
	objectVersion = 56;
	objects = {

/* Begin PBXBuildFile section */
		153E7E6229F32BA7003D40F1 /* SnapKit in Frameworks */ = {isa = PBXBuildFile; productRef = 153E7E6129F32BA7003D40F1 /* SnapKit */; };
		153E7E6629F3353C003D40F1 /* TeamView.swift in Sources */ = {isa = PBXBuildFile; fileRef = 153E7E6529F3353C003D40F1 /* TeamView.swift */; };
		153E7E6929F335AD003D40F1 /* ScoreView.swift in Sources */ = {isa = PBXBuildFile; fileRef = 153E7E6829F335AD003D40F1 /* ScoreView.swift */; };
		15C3C91D29F3EABC00F262C4 /* OFL.txt in Resources */ = {isa = PBXBuildFile; fileRef = 15C3C91B29F3EABC00F262C4 /* OFL.txt */; };
		15C3C91E29F3EABC00F262C4 /* Cookie-Regular.ttf in Resources */ = {isa = PBXBuildFile; fileRef = 15C3C91C29F3EABC00F262C4 /* Cookie-Regular.ttf */; };
		15C3C92129F3EAF900F262C4 /* CategoryModel.swift in Sources */ = {isa = PBXBuildFile; fileRef = 15C3C92029F3EAF900F262C4 /* CategoryModel.swift */; };
		15C3C92729F4B11C00F262C4 /* ResultView.swift in Sources */ = {isa = PBXBuildFile; fileRef = 15C3C92629F4B11C00F262C4 /* ResultView.swift */; };
		15C3C92929F4B19300F262C4 /* CategoryViewController.swift in Sources */ = {isa = PBXBuildFile; fileRef = 15C3C92829F4B19300F262C4 /* CategoryViewController.swift */; };
		15CBC8A929F3E5E30024BA30 /* CategoryCollectionViewCell.swift in Sources */ = {isa = PBXBuildFile; fileRef = 15CBC8A829F3E5E30024BA30 /* CategoryCollectionViewCell.swift */; };
		15E43F2129F5314C00725DC4 /* UIFont + Extensions.swift in Sources */ = {isa = PBXBuildFile; fileRef = 15E43F2029F5314C00725DC4 /* UIFont + Extensions.swift */; };
		86675B4D29F31FD500B75837 /* gameLost.mp3 in Resources */ = {isa = PBXBuildFile; fileRef = 86675B4A29F31FD500B75837 /* gameLost.mp3 */; };
		86675B4E29F31FD500B75837 /* 10s.mp3 in Resources */ = {isa = PBXBuildFile; fileRef = 86675B4B29F31FD500B75837 /* 10s.mp3 */; };
		86675B4F29F31FD500B75837 /* pravilnyiyOtvet.mp3 in Resources */ = {isa = PBXBuildFile; fileRef = 86675B4C29F31FD500B75837 /* pravilnyiyOtvet.mp3 */; };
		867A6D2829EDB21400C9B7A8 /* UILabel+App.swift in Sources */ = {isa = PBXBuildFile; fileRef = 867A6D2729EDB21400C9B7A8 /* UILabel+App.swift */; };
		867A6D2A29EDB53500C9B7A8 /* UIButton+App.swift in Sources */ = {isa = PBXBuildFile; fileRef = 867A6D2929EDB53500C9B7A8 /* UIButton+App.swift */; };
		867A6D2C29EDB67400C9B7A8 /* UIStackView+App.swift in Sources */ = {isa = PBXBuildFile; fileRef = 867A6D2B29EDB67400C9B7A8 /* UIStackView+App.swift */; };
		867A6D2E29EDC1A900C9B7A8 /* UIColor+App.swift in Sources */ = {isa = PBXBuildFile; fileRef = 867A6D2D29EDC1A900C9B7A8 /* UIColor+App.swift */; };
		867A6D3229EEB3C400C9B7A8 /* GameModel.swift in Sources */ = {isa = PBXBuildFile; fileRef = 867A6D3129EEB3C400C9B7A8 /* GameModel.swift */; };
		867A6D3B29EF0E9800C9B7A8 /* AudioManager.swift in Sources */ = {isa = PBXBuildFile; fileRef = 867A6D3A29EF0E9800C9B7A8 /* AudioManager.swift */; };
		867A9F6D29F57A8100A9D8C4 /* MainViewController.swift in Sources */ = {isa = PBXBuildFile; fileRef = 867A9F6C29F57A8100A9D8C4 /* MainViewController.swift */; };
		867A9F7529F57A9600A9D8C4 /* Model.swift in Sources */ = {isa = PBXBuildFile; fileRef = 867A9F6F29F57A9600A9D8C4 /* Model.swift */; };
		867A9F7629F57A9600A9D8C4 /* TeamViewCell.swift in Sources */ = {isa = PBXBuildFile; fileRef = 867A9F7229F57A9600A9D8C4 /* TeamViewCell.swift */; };
		867A9F7729F57A9600A9D8C4 /* TeamViewController.swift in Sources */ = {isa = PBXBuildFile; fileRef = 867A9F7429F57A9600A9D8C4 /* TeamViewController.swift */; };
		867A9F8029F57B2E00A9D8C4 /* RulesView.swift in Sources */ = {isa = PBXBuildFile; fileRef = 867A9F7D29F57B2E00A9D8C4 /* RulesView.swift */; };
		867A9F8129F57B2E00A9D8C4 /* RulesViewController.swift in Sources */ = {isa = PBXBuildFile; fileRef = 867A9F7F29F57B2E00A9D8C4 /* RulesViewController.swift */; };
		EB2F774429E9CB61007E87C3 /* AppDelegate.swift in Sources */ = {isa = PBXBuildFile; fileRef = EB2F774329E9CB61007E87C3 /* AppDelegate.swift */; };
		EB2F774629E9CB61007E87C3 /* SceneDelegate.swift in Sources */ = {isa = PBXBuildFile; fileRef = EB2F774529E9CB61007E87C3 /* SceneDelegate.swift */; };
		EB2F774D29E9CB62007E87C3 /* Assets.xcassets in Resources */ = {isa = PBXBuildFile; fileRef = EB2F774C29E9CB62007E87C3 /* Assets.xcassets */; };
		EB2F775029E9CB62007E87C3 /* LaunchScreen.storyboard in Resources */ = {isa = PBXBuildFile; fileRef = EB2F774E29E9CB62007E87C3 /* LaunchScreen.storyboard */; };
		EB2F776629E9CC9C007E87C3 /* GameViewController.swift in Sources */ = {isa = PBXBuildFile; fileRef = EB2F776529E9CC9C007E87C3 /* GameViewController.swift */; };
		EB2F776829E9CCC5007E87C3 /* CorrectViewController.swift in Sources */ = {isa = PBXBuildFile; fileRef = EB2F776729E9CCC5007E87C3 /* CorrectViewController.swift */; };
		EB2F776A29E9CCE8007E87C3 /* WrongViewController.swift in Sources */ = {isa = PBXBuildFile; fileRef = EB2F776929E9CCE8007E87C3 /* WrongViewController.swift */; };
		EB2F776C29E9CD2B007E87C3 /* ResultViewController.swift in Sources */ = {isa = PBXBuildFile; fileRef = EB2F776B29E9CD2B007E87C3 /* ResultViewController.swift */; };
		EBAAE0B229ED0C2900F039F5 /* TeamModel.swift in Sources */ = {isa = PBXBuildFile; fileRef = EBAAE0B129ED0C2900F039F5 /* TeamModel.swift */; };
/* End PBXBuildFile section */

/* Begin PBXFileReference section */
		153E7E6529F3353C003D40F1 /* TeamView.swift */ = {isa = PBXFileReference; lastKnownFileType = sourcecode.swift; path = TeamView.swift; sourceTree = "<group>"; };
		153E7E6829F335AD003D40F1 /* ScoreView.swift */ = {isa = PBXFileReference; lastKnownFileType = sourcecode.swift; path = ScoreView.swift; sourceTree = "<group>"; };
		15C3C91B29F3EABC00F262C4 /* OFL.txt */ = {isa = PBXFileReference; fileEncoding = 4; lastKnownFileType = text; path = OFL.txt; sourceTree = "<group>"; };
		15C3C91C29F3EABC00F262C4 /* Cookie-Regular.ttf */ = {isa = PBXFileReference; lastKnownFileType = file; path = "Cookie-Regular.ttf"; sourceTree = "<group>"; };
		15C3C92029F3EAF900F262C4 /* CategoryModel.swift */ = {isa = PBXFileReference; fileEncoding = 4; lastKnownFileType = sourcecode.swift; path = CategoryModel.swift; sourceTree = "<group>"; };
		15C3C92629F4B11C00F262C4 /* ResultView.swift */ = {isa = PBXFileReference; fileEncoding = 4; lastKnownFileType = sourcecode.swift; path = ResultView.swift; sourceTree = "<group>"; };
		15C3C92829F4B19300F262C4 /* CategoryViewController.swift */ = {isa = PBXFileReference; fileEncoding = 4; lastKnownFileType = sourcecode.swift; path = CategoryViewController.swift; sourceTree = "<group>"; };
		15CBC8A829F3E5E30024BA30 /* CategoryCollectionViewCell.swift */ = {isa = PBXFileReference; fileEncoding = 4; lastKnownFileType = sourcecode.swift; path = CategoryCollectionViewCell.swift; sourceTree = "<group>"; };
		15E43F2029F5314C00725DC4 /* UIFont + Extensions.swift */ = {isa = PBXFileReference; fileEncoding = 4; lastKnownFileType = sourcecode.swift; path = "UIFont + Extensions.swift"; sourceTree = "<group>"; };
		86675B4A29F31FD500B75837 /* gameLost.mp3 */ = {isa = PBXFileReference; lastKnownFileType = audio.mp3; path = gameLost.mp3; sourceTree = "<group>"; };
		86675B4B29F31FD500B75837 /* 10s.mp3 */ = {isa = PBXFileReference; lastKnownFileType = audio.mp3; path = 10s.mp3; sourceTree = "<group>"; };
		86675B4C29F31FD500B75837 /* pravilnyiyOtvet.mp3 */ = {isa = PBXFileReference; lastKnownFileType = audio.mp3; path = pravilnyiyOtvet.mp3; sourceTree = "<group>"; };
		867A6D2729EDB21400C9B7A8 /* UILabel+App.swift */ = {isa = PBXFileReference; lastKnownFileType = sourcecode.swift; path = "UILabel+App.swift"; sourceTree = "<group>"; };
		867A6D2929EDB53500C9B7A8 /* UIButton+App.swift */ = {isa = PBXFileReference; lastKnownFileType = sourcecode.swift; path = "UIButton+App.swift"; sourceTree = "<group>"; };
		867A6D2B29EDB67400C9B7A8 /* UIStackView+App.swift */ = {isa = PBXFileReference; lastKnownFileType = sourcecode.swift; path = "UIStackView+App.swift"; sourceTree = "<group>"; };
		867A6D2D29EDC1A900C9B7A8 /* UIColor+App.swift */ = {isa = PBXFileReference; lastKnownFileType = sourcecode.swift; path = "UIColor+App.swift"; sourceTree = "<group>"; };
		867A6D3129EEB3C400C9B7A8 /* GameModel.swift */ = {isa = PBXFileReference; lastKnownFileType = sourcecode.swift; path = GameModel.swift; sourceTree = "<group>"; };
		867A6D3A29EF0E9800C9B7A8 /* AudioManager.swift */ = {isa = PBXFileReference; lastKnownFileType = sourcecode.swift; path = AudioManager.swift; sourceTree = "<group>"; };
		867A9F6C29F57A8100A9D8C4 /* MainViewController.swift */ = {isa = PBXFileReference; fileEncoding = 4; lastKnownFileType = sourcecode.swift; path = MainViewController.swift; sourceTree = "<group>"; };
		867A9F6F29F57A9600A9D8C4 /* Model.swift */ = {isa = PBXFileReference; fileEncoding = 4; lastKnownFileType = sourcecode.swift; path = Model.swift; sourceTree = "<group>"; };
		867A9F7229F57A9600A9D8C4 /* TeamViewCell.swift */ = {isa = PBXFileReference; fileEncoding = 4; lastKnownFileType = sourcecode.swift; path = TeamViewCell.swift; sourceTree = "<group>"; };
		867A9F7429F57A9600A9D8C4 /* TeamViewController.swift */ = {isa = PBXFileReference; fileEncoding = 4; lastKnownFileType = sourcecode.swift; path = TeamViewController.swift; sourceTree = "<group>"; };
		867A9F7D29F57B2E00A9D8C4 /* RulesView.swift */ = {isa = PBXFileReference; fileEncoding = 4; lastKnownFileType = sourcecode.swift; path = RulesView.swift; sourceTree = "<group>"; };
		867A9F7F29F57B2E00A9D8C4 /* RulesViewController.swift */ = {isa = PBXFileReference; fileEncoding = 4; lastKnownFileType = sourcecode.swift; path = RulesViewController.swift; sourceTree = "<group>"; };
		EB2F774029E9CB61007E87C3 /* Crocodile.app */ = {isa = PBXFileReference; explicitFileType = wrapper.application; includeInIndex = 0; path = Crocodile.app; sourceTree = BUILT_PRODUCTS_DIR; };
		EB2F774329E9CB61007E87C3 /* AppDelegate.swift */ = {isa = PBXFileReference; lastKnownFileType = sourcecode.swift; path = AppDelegate.swift; sourceTree = "<group>"; };
		EB2F774529E9CB61007E87C3 /* SceneDelegate.swift */ = {isa = PBXFileReference; lastKnownFileType = sourcecode.swift; path = SceneDelegate.swift; sourceTree = "<group>"; };
		EB2F774C29E9CB62007E87C3 /* Assets.xcassets */ = {isa = PBXFileReference; lastKnownFileType = folder.assetcatalog; path = Assets.xcassets; sourceTree = "<group>"; };
		EB2F774F29E9CB62007E87C3 /* Base */ = {isa = PBXFileReference; lastKnownFileType = file.storyboard; name = Base; path = Base.lproj/LaunchScreen.storyboard; sourceTree = "<group>"; };
		EB2F775129E9CB62007E87C3 /* Info.plist */ = {isa = PBXFileReference; lastKnownFileType = text.plist.xml; path = Info.plist; sourceTree = "<group>"; };
		EB2F776529E9CC9C007E87C3 /* GameViewController.swift */ = {isa = PBXFileReference; lastKnownFileType = sourcecode.swift; path = GameViewController.swift; sourceTree = "<group>"; };
		EB2F776729E9CCC5007E87C3 /* CorrectViewController.swift */ = {isa = PBXFileReference; lastKnownFileType = sourcecode.swift; path = CorrectViewController.swift; sourceTree = "<group>"; };
		EB2F776929E9CCE8007E87C3 /* WrongViewController.swift */ = {isa = PBXFileReference; lastKnownFileType = sourcecode.swift; path = WrongViewController.swift; sourceTree = "<group>"; };
		EB2F776B29E9CD2B007E87C3 /* ResultViewController.swift */ = {isa = PBXFileReference; lastKnownFileType = sourcecode.swift; path = ResultViewController.swift; sourceTree = "<group>"; };
		EBAAE0B129ED0C2900F039F5 /* TeamModel.swift */ = {isa = PBXFileReference; lastKnownFileType = sourcecode.swift; path = TeamModel.swift; sourceTree = "<group>"; };
/* End PBXFileReference section */

/* Begin PBXFrameworksBuildPhase section */
		EB2F773D29E9CB61007E87C3 /* Frameworks */ = {
			isa = PBXFrameworksBuildPhase;
			buildActionMask = 2147483647;
			files = (
				153E7E6229F32BA7003D40F1 /* SnapKit in Frameworks */,
			);
			runOnlyForDeploymentPostprocessing = 0;
		};
/* End PBXFrameworksBuildPhase section */

/* Begin PBXGroup section */
		153E7E6429F3351A003D40F1 /* Views */ = {
			isa = PBXGroup;
			children = (
				153E7E6529F3353C003D40F1 /* TeamView.swift */,
				153E7E6829F335AD003D40F1 /* ScoreView.swift */,
			);
			path = Views;
			sourceTree = "<group>";
		};
		15C3C91A29F3EABC00F262C4 /* Fonts */ = {
			isa = PBXGroup;
			children = (
				15C3C91B29F3EABC00F262C4 /* OFL.txt */,
				15C3C91C29F3EABC00F262C4 /* Cookie-Regular.ttf */,
			);
			path = Fonts;
			sourceTree = "<group>";
		};
		15C3C91F29F3EAF900F262C4 /* CategoryModel */ = {
			isa = PBXGroup;
			children = (
				15C3C92029F3EAF900F262C4 /* CategoryModel.swift */,
			);
			path = CategoryModel;
			sourceTree = "<group>";
		};
		15E43F1D29F530F900725DC4 /* Extensions */ = {
			isa = PBXGroup;
			children = (
				15E43F1E29F5311500725DC4 /* UIKit */,
			);
			path = Extensions;
			sourceTree = "<group>";
		};
		15E43F1E29F5311500725DC4 /* UIKit */ = {
			isa = PBXGroup;
			children = (
				15E43F2029F5314C00725DC4 /* UIFont + Extensions.swift */,
			);
			path = UIKit;
			sourceTree = "<group>";
		};
		86675B4229F3193500B75837 /* Sounds */ = {
			isa = PBXGroup;
			children = (
				86675B4B29F31FD500B75837 /* 10s.mp3 */,
				86675B4A29F31FD500B75837 /* gameLost.mp3 */,
				86675B4C29F31FD500B75837 /* pravilnyiyOtvet.mp3 */,
			);
			path = Sounds;
			sourceTree = "<group>";
		};
		86675B4929F31FAF00B75837 /* Controllers */ = {
			isa = PBXGroup;
			children = (
				EB2F776529E9CC9C007E87C3 /* GameViewController.swift */,
			);
			path = Controllers;
			sourceTree = "<group>";
		};
		867A6D2529EDB1F400C9B7A8 /* UIConstants */ = {
			isa = PBXGroup;
			children = (
				867A6D2729EDB21400C9B7A8 /* UILabel+App.swift */,
				867A6D2929EDB53500C9B7A8 /* UIButton+App.swift */,
				867A6D2B29EDB67400C9B7A8 /* UIStackView+App.swift */,
				867A6D2D29EDC1A900C9B7A8 /* UIColor+App.swift */,
			);
			path = UIConstants;
			sourceTree = "<group>";
		};
		867A6D3029EEB3AE00C9B7A8 /* Models */ = {
			isa = PBXGroup;
			children = (
				867A6D3129EEB3C400C9B7A8 /* GameModel.swift */,
			);
			path = Models;
			sourceTree = "<group>";
		};
		867A9F6B29F57A8100A9D8C4 /* Controllers */ = {
			isa = PBXGroup;
			children = (
				867A9F6C29F57A8100A9D8C4 /* MainViewController.swift */,
			);
			path = Controllers;
			sourceTree = "<group>";
		};
		867A9F6E29F57A9600A9D8C4 /* Models */ = {
			isa = PBXGroup;
			children = (
				867A9F6F29F57A9600A9D8C4 /* Model.swift */,
			);
			path = Models;
			sourceTree = "<group>";
		};
		867A9F7029F57A9600A9D8C4 /* Views */ = {
			isa = PBXGroup;
			children = (
				867A9F7129F57A9600A9D8C4 /* Cell */,
			);
			path = Views;
			sourceTree = "<group>";
		};
		867A9F7129F57A9600A9D8C4 /* Cell */ = {
			isa = PBXGroup;
			children = (
				867A9F7229F57A9600A9D8C4 /* TeamViewCell.swift */,
			);
			path = Cell;
			sourceTree = "<group>";
		};
		867A9F7329F57A9600A9D8C4 /* Controllers */ = {
			isa = PBXGroup;
			children = (
				867A9F7429F57A9600A9D8C4 /* TeamViewController.swift */,
			);
			path = Controllers;
			sourceTree = "<group>";
		};
		867A9F7C29F57B2E00A9D8C4 /* Views */ = {
			isa = PBXGroup;
			children = (
				867A9F7D29F57B2E00A9D8C4 /* RulesView.swift */,
			);
			path = Views;
			sourceTree = "<group>";
		};
		867A9F7E29F57B2E00A9D8C4 /* Controllers */ = {
			isa = PBXGroup;
			children = (
				867A9F7F29F57B2E00A9D8C4 /* RulesViewController.swift */,
			);
			path = Controllers;
			sourceTree = "<group>";
		};
		867A9F8229F57E1400A9D8C4 /* Views */ = {
			isa = PBXGroup;
			children = (
				867A9F8329F57E1B00A9D8C4 /* Cell */,
			);
			path = Views;
			sourceTree = "<group>";
		};
		867A9F8329F57E1B00A9D8C4 /* Cell */ = {
			isa = PBXGroup;
			children = (
				15CBC8A829F3E5E30024BA30 /* CategoryCollectionViewCell.swift */,
			);
			path = Cell;
			sourceTree = "<group>";
		};
		867A9F8429F57E2400A9D8C4 /* Controllers */ = {
			isa = PBXGroup;
			children = (
				15C3C92829F4B19300F262C4 /* CategoryViewController.swift */,
			);
			path = Controllers;
			sourceTree = "<group>";
		};
		867A9F8529F5867D00A9D8C4 /* Controllers */ = {
			isa = PBXGroup;
			children = (
				EB2F776729E9CCC5007E87C3 /* CorrectViewController.swift */,
			);
			path = Controllers;
			sourceTree = "<group>";
		};
		867A9F8729F5869B00A9D8C4 /* Controllers */ = {
			isa = PBXGroup;
			children = (
				EB2F776929E9CCE8007E87C3 /* WrongViewController.swift */,
			);
			path = Controllers;
			sourceTree = "<group>";
		};
		867A9F8829F6D01200A9D8C4 /* Controllers */ = {
			isa = PBXGroup;
			children = (
				EB2F776B29E9CD2B007E87C3 /* ResultViewController.swift */,
			);
			path = Controllers;
			sourceTree = "<group>";
		};
		867A9F8929F6D01D00A9D8C4 /* Views */ = {
			isa = PBXGroup;
			children = (
				15C3C92629F4B11C00F262C4 /* ResultView.swift */,
			);
			path = Views;
			sourceTree = "<group>";
		};
		EB2F773729E9CB61007E87C3 = {
			isa = PBXGroup;
			children = (
				EB2F774229E9CB61007E87C3 /* Crocodile */,
				EB2F774129E9CB61007E87C3 /* Products */,
			);
			sourceTree = "<group>";
		};
		EB2F774129E9CB61007E87C3 /* Products */ = {
			isa = PBXGroup;
			children = (
				EB2F774029E9CB61007E87C3 /* Crocodile.app */,
			);
			name = Products;
			sourceTree = "<group>";
		};
		EB2F774229E9CB61007E87C3 /* Crocodile */ = {
			isa = PBXGroup;
			children = (
				15E43F1D29F530F900725DC4 /* Extensions */,
				15C3C91F29F3EAF900F262C4 /* CategoryModel */,
				15C3C91A29F3EABC00F262C4 /* Fonts */,
				153E7E6429F3351A003D40F1 /* Views */,
				86675B4229F3193500B75837 /* Sounds */,
				867A6D2529EDB1F400C9B7A8 /* UIConstants */,
				EBAAE0B029ED0C1900F039F5 /* TeamModel */,
				EB2F775E29E9CB84007E87C3 /* MainViewController */,
				EB2F775D29E9CB81007E87C3 /* RulesViewController */,
				EB2F775C29E9CB7D007E87C3 /* TeamViewController */,
				EB2F775B29E9CB7B007E87C3 /* CategoryViewController */,
				EB2F775A29E9CB76007E87C3 /* GameViewController */,
				EB2F775929E9CB74007E87C3 /* CorrectViewController */,
				EB2F775829E9CB71007E87C3 /* WrongViewController */,
				EB2F775729E9CB6A007E87C3 /* ResultViewController */,
				EB2F774329E9CB61007E87C3 /* AppDelegate.swift */,
				EB2F774529E9CB61007E87C3 /* SceneDelegate.swift */,
				EB2F774C29E9CB62007E87C3 /* Assets.xcassets */,
				EB2F774E29E9CB62007E87C3 /* LaunchScreen.storyboard */,
				EB2F775129E9CB62007E87C3 /* Info.plist */,
			);
			path = Crocodile;
			sourceTree = "<group>";
		};
		EB2F775729E9CB6A007E87C3 /* ResultViewController */ = {
			isa = PBXGroup;
			children = (
				867A9F8929F6D01D00A9D8C4 /* Views */,
				867A9F8829F6D01200A9D8C4 /* Controllers */,
			);
			path = ResultViewController;
			sourceTree = "<group>";
		};
		EB2F775829E9CB71007E87C3 /* WrongViewController */ = {
			isa = PBXGroup;
			children = (
				867A9F8729F5869B00A9D8C4 /* Controllers */,
			);
			path = WrongViewController;
			sourceTree = "<group>";
		};
		EB2F775929E9CB74007E87C3 /* CorrectViewController */ = {
			isa = PBXGroup;
			children = (
				867A9F8529F5867D00A9D8C4 /* Controllers */,
			);
			path = CorrectViewController;
			sourceTree = "<group>";
		};
		EB2F775A29E9CB76007E87C3 /* GameViewController */ = {
			isa = PBXGroup;
			children = (
				867A6D3029EEB3AE00C9B7A8 /* Models */,
				86675B4929F31FAF00B75837 /* Controllers */,
			);
			path = GameViewController;
			sourceTree = "<group>";
		};
		EB2F775B29E9CB7B007E87C3 /* CategoryViewController */ = {
			isa = PBXGroup;
			children = (
				867A9F8229F57E1400A9D8C4 /* Views */,
				867A9F8429F57E2400A9D8C4 /* Controllers */,
			);
			path = CategoryViewController;
			sourceTree = "<group>";
		};
		EB2F775C29E9CB7D007E87C3 /* TeamViewController */ = {
			isa = PBXGroup;
			children = (
				867A9F6E29F57A9600A9D8C4 /* Models */,
				867A9F7029F57A9600A9D8C4 /* Views */,
				867A9F7329F57A9600A9D8C4 /* Controllers */,
			);
			path = TeamViewController;
			sourceTree = "<group>";
		};
		EB2F775D29E9CB81007E87C3 /* RulesViewController */ = {
			isa = PBXGroup;
			children = (
				867A9F7C29F57B2E00A9D8C4 /* Views */,
				867A9F7E29F57B2E00A9D8C4 /* Controllers */,
			);
			path = RulesViewController;
			sourceTree = "<group>";
		};
		EB2F775E29E9CB84007E87C3 /* MainViewController */ = {
			isa = PBXGroup;
			children = (
				867A9F6B29F57A8100A9D8C4 /* Controllers */,
			);
			path = MainViewController;
			sourceTree = "<group>";
		};
		EBAAE0B029ED0C1900F039F5 /* TeamModel */ = {
			isa = PBXGroup;
			children = (
				EBAAE0B129ED0C2900F039F5 /* TeamModel.swift */,
				867A6D3A29EF0E9800C9B7A8 /* AudioManager.swift */,
			);
			path = TeamModel;
			sourceTree = "<group>";
		};
/* End PBXGroup section */

/* Begin PBXNativeTarget section */
		EB2F773F29E9CB61007E87C3 /* Crocodile */ = {
			isa = PBXNativeTarget;
			buildConfigurationList = EB2F775429E9CB62007E87C3 /* Build configuration list for PBXNativeTarget "Crocodile" */;
			buildPhases = (
				EB2F773C29E9CB61007E87C3 /* Sources */,
				EB2F773D29E9CB61007E87C3 /* Frameworks */,
				EB2F773E29E9CB61007E87C3 /* Resources */,
			);
			buildRules = (
			);
			dependencies = (
			);
			name = Crocodile;
			packageProductDependencies = (
				153E7E6129F32BA7003D40F1 /* SnapKit */,
			);
			productName = Crocodile;
			productReference = EB2F774029E9CB61007E87C3 /* Crocodile.app */;
			productType = "com.apple.product-type.application";
		};
/* End PBXNativeTarget section */

/* Begin PBXProject section */
		EB2F773829E9CB61007E87C3 /* Project object */ = {
			isa = PBXProject;
			attributes = {
				BuildIndependentTargetsInParallel = 1;
				LastSwiftUpdateCheck = 1430;
				LastUpgradeCheck = 1430;
				TargetAttributes = {
					EB2F773F29E9CB61007E87C3 = {
						CreatedOnToolsVersion = 14.3;
					};
				};
			};
			buildConfigurationList = EB2F773B29E9CB61007E87C3 /* Build configuration list for PBXProject "Crocodile" */;
			compatibilityVersion = "Xcode 14.0";
			developmentRegion = en;
			hasScannedForEncodings = 0;
			knownRegions = (
				en,
				Base,
			);
			mainGroup = EB2F773729E9CB61007E87C3;
			packageReferences = (
				153E7E6029F32BA7003D40F1 /* XCRemoteSwiftPackageReference "SnapKit" */,
			);
			productRefGroup = EB2F774129E9CB61007E87C3 /* Products */;
			projectDirPath = "";
			projectRoot = "";
			targets = (
				EB2F773F29E9CB61007E87C3 /* Crocodile */,
			);
		};
/* End PBXProject section */

/* Begin PBXResourcesBuildPhase section */
		EB2F773E29E9CB61007E87C3 /* Resources */ = {
			isa = PBXResourcesBuildPhase;
			buildActionMask = 2147483647;
			files = (
				15C3C91D29F3EABC00F262C4 /* OFL.txt in Resources */,
				EB2F775029E9CB62007E87C3 /* LaunchScreen.storyboard in Resources */,
				15C3C91E29F3EABC00F262C4 /* Cookie-Regular.ttf in Resources */,
				86675B4E29F31FD500B75837 /* 10s.mp3 in Resources */,
				EB2F774D29E9CB62007E87C3 /* Assets.xcassets in Resources */,
				86675B4F29F31FD500B75837 /* pravilnyiyOtvet.mp3 in Resources */,
				86675B4D29F31FD500B75837 /* gameLost.mp3 in Resources */,
			);
			runOnlyForDeploymentPostprocessing = 0;
		};
/* End PBXResourcesBuildPhase section */

/* Begin PBXSourcesBuildPhase section */
		EB2F773C29E9CB61007E87C3 /* Sources */ = {
			isa = PBXSourcesBuildPhase;
			buildActionMask = 2147483647;
			files = (
				EB2F776629E9CC9C007E87C3 /* GameViewController.swift in Sources */,
				153E7E6929F335AD003D40F1 /* ScoreView.swift in Sources */,
				15C3C92729F4B11C00F262C4 /* ResultView.swift in Sources */,
				867A6D2E29EDC1A900C9B7A8 /* UIColor+App.swift in Sources */,
				15C3C92129F3EAF900F262C4 /* CategoryModel.swift in Sources */,
				867A6D3B29EF0E9800C9B7A8 /* AudioManager.swift in Sources */,
				EB2F774429E9CB61007E87C3 /* AppDelegate.swift in Sources */,
				867A9F7729F57A9600A9D8C4 /* TeamViewController.swift in Sources */,
				15C3C92929F4B19300F262C4 /* CategoryViewController.swift in Sources */,
				867A9F7629F57A9600A9D8C4 /* TeamViewCell.swift in Sources */,
				867A6D3229EEB3C400C9B7A8 /* GameModel.swift in Sources */,
				867A9F7529F57A9600A9D8C4 /* Model.swift in Sources */,
				EB2F774629E9CB61007E87C3 /* SceneDelegate.swift in Sources */,
				867A9F8129F57B2E00A9D8C4 /* RulesViewController.swift in Sources */,
				15E43F2129F5314C00725DC4 /* UIFont + Extensions.swift in Sources */,
				EB2F776C29E9CD2B007E87C3 /* ResultViewController.swift in Sources */,
				867A9F6D29F57A8100A9D8C4 /* MainViewController.swift in Sources */,
				867A6D2829EDB21400C9B7A8 /* UILabel+App.swift in Sources */,
				EB2F776A29E9CCE8007E87C3 /* WrongViewController.swift in Sources */,
				867A6D2A29EDB53500C9B7A8 /* UIButton+App.swift in Sources */,
				867A6D2C29EDB67400C9B7A8 /* UIStackView+App.swift in Sources */,
				15CBC8A929F3E5E30024BA30 /* CategoryCollectionViewCell.swift in Sources */,
				EBAAE0B229ED0C2900F039F5 /* TeamModel.swift in Sources */,
				867A9F8029F57B2E00A9D8C4 /* RulesView.swift in Sources */,
				EB2F776829E9CCC5007E87C3 /* CorrectViewController.swift in Sources */,
				153E7E6629F3353C003D40F1 /* TeamView.swift in Sources */,
			);
			runOnlyForDeploymentPostprocessing = 0;
		};
/* End PBXSourcesBuildPhase section */

/* Begin PBXVariantGroup section */
		EB2F774E29E9CB62007E87C3 /* LaunchScreen.storyboard */ = {
			isa = PBXVariantGroup;
			children = (
				EB2F774F29E9CB62007E87C3 /* Base */,
			);
			name = LaunchScreen.storyboard;
			sourceTree = "<group>";
		};
/* End PBXVariantGroup section */

/* Begin XCBuildConfiguration section */
		EB2F775229E9CB62007E87C3 /* Debug */ = {
			isa = XCBuildConfiguration;
			buildSettings = {
				ALWAYS_SEARCH_USER_PATHS = NO;
				CLANG_ANALYZER_NONNULL = YES;
				CLANG_ANALYZER_NUMBER_OBJECT_CONVERSION = YES_AGGRESSIVE;
				CLANG_CXX_LANGUAGE_STANDARD = "gnu++20";
				CLANG_ENABLE_MODULES = YES;
				CLANG_ENABLE_OBJC_ARC = YES;
				CLANG_ENABLE_OBJC_WEAK = YES;
				CLANG_WARN_BLOCK_CAPTURE_AUTORELEASING = YES;
				CLANG_WARN_BOOL_CONVERSION = YES;
				CLANG_WARN_COMMA = YES;
				CLANG_WARN_CONSTANT_CONVERSION = YES;
				CLANG_WARN_DEPRECATED_OBJC_IMPLEMENTATIONS = YES;
				CLANG_WARN_DIRECT_OBJC_ISA_USAGE = YES_ERROR;
				CLANG_WARN_DOCUMENTATION_COMMENTS = YES;
				CLANG_WARN_EMPTY_BODY = YES;
				CLANG_WARN_ENUM_CONVERSION = YES;
				CLANG_WARN_INFINITE_RECURSION = YES;
				CLANG_WARN_INT_CONVERSION = YES;
				CLANG_WARN_NON_LITERAL_NULL_CONVERSION = YES;
				CLANG_WARN_OBJC_IMPLICIT_RETAIN_SELF = YES;
				CLANG_WARN_OBJC_LITERAL_CONVERSION = YES;
				CLANG_WARN_OBJC_ROOT_CLASS = YES_ERROR;
				CLANG_WARN_QUOTED_INCLUDE_IN_FRAMEWORK_HEADER = YES;
				CLANG_WARN_RANGE_LOOP_ANALYSIS = YES;
				CLANG_WARN_STRICT_PROTOTYPES = YES;
				CLANG_WARN_SUSPICIOUS_MOVE = YES;
				CLANG_WARN_UNGUARDED_AVAILABILITY = YES_AGGRESSIVE;
				CLANG_WARN_UNREACHABLE_CODE = YES;
				CLANG_WARN__DUPLICATE_METHOD_MATCH = YES;
				COPY_PHASE_STRIP = NO;
				DEBUG_INFORMATION_FORMAT = dwarf;
				ENABLE_STRICT_OBJC_MSGSEND = YES;
				ENABLE_TESTABILITY = YES;
				GCC_C_LANGUAGE_STANDARD = gnu11;
				GCC_DYNAMIC_NO_PIC = NO;
				GCC_NO_COMMON_BLOCKS = YES;
				GCC_OPTIMIZATION_LEVEL = 0;
				GCC_PREPROCESSOR_DEFINITIONS = (
					"DEBUG=1",
					"$(inherited)",
				);
				GCC_WARN_64_TO_32_BIT_CONVERSION = YES;
				GCC_WARN_ABOUT_RETURN_TYPE = YES_ERROR;
				GCC_WARN_UNDECLARED_SELECTOR = YES;
				GCC_WARN_UNINITIALIZED_AUTOS = YES_AGGRESSIVE;
				GCC_WARN_UNUSED_FUNCTION = YES;
				GCC_WARN_UNUSED_VARIABLE = YES;
				IPHONEOS_DEPLOYMENT_TARGET = 16.4;
				MTL_ENABLE_DEBUG_INFO = INCLUDE_SOURCE;
				MTL_FAST_MATH = YES;
				ONLY_ACTIVE_ARCH = YES;
				SDKROOT = iphoneos;
				SWIFT_ACTIVE_COMPILATION_CONDITIONS = DEBUG;
				SWIFT_OPTIMIZATION_LEVEL = "-Onone";
			};
			name = Debug;
		};
		EB2F775329E9CB62007E87C3 /* Release */ = {
			isa = XCBuildConfiguration;
			buildSettings = {
				ALWAYS_SEARCH_USER_PATHS = NO;
				CLANG_ANALYZER_NONNULL = YES;
				CLANG_ANALYZER_NUMBER_OBJECT_CONVERSION = YES_AGGRESSIVE;
				CLANG_CXX_LANGUAGE_STANDARD = "gnu++20";
				CLANG_ENABLE_MODULES = YES;
				CLANG_ENABLE_OBJC_ARC = YES;
				CLANG_ENABLE_OBJC_WEAK = YES;
				CLANG_WARN_BLOCK_CAPTURE_AUTORELEASING = YES;
				CLANG_WARN_BOOL_CONVERSION = YES;
				CLANG_WARN_COMMA = YES;
				CLANG_WARN_CONSTANT_CONVERSION = YES;
				CLANG_WARN_DEPRECATED_OBJC_IMPLEMENTATIONS = YES;
				CLANG_WARN_DIRECT_OBJC_ISA_USAGE = YES_ERROR;
				CLANG_WARN_DOCUMENTATION_COMMENTS = YES;
				CLANG_WARN_EMPTY_BODY = YES;
				CLANG_WARN_ENUM_CONVERSION = YES;
				CLANG_WARN_INFINITE_RECURSION = YES;
				CLANG_WARN_INT_CONVERSION = YES;
				CLANG_WARN_NON_LITERAL_NULL_CONVERSION = YES;
				CLANG_WARN_OBJC_IMPLICIT_RETAIN_SELF = YES;
				CLANG_WARN_OBJC_LITERAL_CONVERSION = YES;
				CLANG_WARN_OBJC_ROOT_CLASS = YES_ERROR;
				CLANG_WARN_QUOTED_INCLUDE_IN_FRAMEWORK_HEADER = YES;
				CLANG_WARN_RANGE_LOOP_ANALYSIS = YES;
				CLANG_WARN_STRICT_PROTOTYPES = YES;
				CLANG_WARN_SUSPICIOUS_MOVE = YES;
				CLANG_WARN_UNGUARDED_AVAILABILITY = YES_AGGRESSIVE;
				CLANG_WARN_UNREACHABLE_CODE = YES;
				CLANG_WARN__DUPLICATE_METHOD_MATCH = YES;
				COPY_PHASE_STRIP = NO;
				DEBUG_INFORMATION_FORMAT = "dwarf-with-dsym";
				ENABLE_NS_ASSERTIONS = NO;
				ENABLE_STRICT_OBJC_MSGSEND = YES;
				GCC_C_LANGUAGE_STANDARD = gnu11;
				GCC_NO_COMMON_BLOCKS = YES;
				GCC_WARN_64_TO_32_BIT_CONVERSION = YES;
				GCC_WARN_ABOUT_RETURN_TYPE = YES_ERROR;
				GCC_WARN_UNDECLARED_SELECTOR = YES;
				GCC_WARN_UNINITIALIZED_AUTOS = YES_AGGRESSIVE;
				GCC_WARN_UNUSED_FUNCTION = YES;
				GCC_WARN_UNUSED_VARIABLE = YES;
				IPHONEOS_DEPLOYMENT_TARGET = 16.4;
				MTL_ENABLE_DEBUG_INFO = NO;
				MTL_FAST_MATH = YES;
				SDKROOT = iphoneos;
				SWIFT_COMPILATION_MODE = wholemodule;
				SWIFT_OPTIMIZATION_LEVEL = "-O";
				VALIDATE_PRODUCT = YES;
			};
			name = Release;
		};
		EB2F775529E9CB62007E87C3 /* Debug */ = {
			isa = XCBuildConfiguration;
			buildSettings = {
				ASSETCATALOG_COMPILER_APPICON_NAME = AppIcon;
				ASSETCATALOG_COMPILER_GLOBAL_ACCENT_COLOR_NAME = AccentColor;
				CODE_SIGN_STYLE = Automatic;
				CURRENT_PROJECT_VERSION = 1;
				DEVELOPMENT_TEAM = 9444ZC259H;
				GENERATE_INFOPLIST_FILE = YES;
				INFOPLIST_FILE = Crocodile/Info.plist;
				INFOPLIST_KEY_UIApplicationSupportsIndirectInputEvents = YES;
				INFOPLIST_KEY_UILaunchStoryboardName = LaunchScreen;
				INFOPLIST_KEY_UISupportedInterfaceOrientations_iPad = "UIInterfaceOrientationPortrait UIInterfaceOrientationPortraitUpsideDown UIInterfaceOrientationLandscapeLeft UIInterfaceOrientationLandscapeRight";
				INFOPLIST_KEY_UISupportedInterfaceOrientations_iPhone = "UIInterfaceOrientationPortrait UIInterfaceOrientationLandscapeLeft UIInterfaceOrientationLandscapeRight";
				IPHONEOS_DEPLOYMENT_TARGET = 15.0;
				LD_RUNPATH_SEARCH_PATHS = (
					"$(inherited)",
					"@executable_path/Frameworks",
				);
				MARKETING_VERSION = 1.0;
				PRODUCT_BUNDLE_IDENTIFIER = myself.Crocodile;
				PRODUCT_NAME = "$(TARGET_NAME)";
				SWIFT_EMIT_LOC_STRINGS = YES;
				SWIFT_VERSION = 5.0;
				TARGETED_DEVICE_FAMILY = "1,2";
			};
			name = Debug;
		};
		EB2F775629E9CB62007E87C3 /* Release */ = {
			isa = XCBuildConfiguration;
			buildSettings = {
				ASSETCATALOG_COMPILER_APPICON_NAME = AppIcon;
				ASSETCATALOG_COMPILER_GLOBAL_ACCENT_COLOR_NAME = AccentColor;
				CODE_SIGN_STYLE = Automatic;
				CURRENT_PROJECT_VERSION = 1;
				DEVELOPMENT_TEAM = 9444ZC259H;
				GENERATE_INFOPLIST_FILE = YES;
				INFOPLIST_FILE = Crocodile/Info.plist;
				INFOPLIST_KEY_UIApplicationSupportsIndirectInputEvents = YES;
				INFOPLIST_KEY_UILaunchStoryboardName = LaunchScreen;
				INFOPLIST_KEY_UISupportedInterfaceOrientations_iPad = "UIInterfaceOrientationPortrait UIInterfaceOrientationPortraitUpsideDown UIInterfaceOrientationLandscapeLeft UIInterfaceOrientationLandscapeRight";
				INFOPLIST_KEY_UISupportedInterfaceOrientations_iPhone = "UIInterfaceOrientationPortrait UIInterfaceOrientationLandscapeLeft UIInterfaceOrientationLandscapeRight";
				IPHONEOS_DEPLOYMENT_TARGET = 15.0;
				LD_RUNPATH_SEARCH_PATHS = (
					"$(inherited)",
					"@executable_path/Frameworks",
				);
				MARKETING_VERSION = 1.0;
				PRODUCT_BUNDLE_IDENTIFIER = myself.Crocodile;
				PRODUCT_NAME = "$(TARGET_NAME)";
				SWIFT_EMIT_LOC_STRINGS = YES;
				SWIFT_VERSION = 5.0;
				TARGETED_DEVICE_FAMILY = "1,2";
			};
			name = Release;
		};
/* End XCBuildConfiguration section */

/* Begin XCConfigurationList section */
		EB2F773B29E9CB61007E87C3 /* Build configuration list for PBXProject "Crocodile" */ = {
			isa = XCConfigurationList;
			buildConfigurations = (
				EB2F775229E9CB62007E87C3 /* Debug */,
				EB2F775329E9CB62007E87C3 /* Release */,
			);
			defaultConfigurationIsVisible = 0;
			defaultConfigurationName = Release;
		};
		EB2F775429E9CB62007E87C3 /* Build configuration list for PBXNativeTarget "Crocodile" */ = {
			isa = XCConfigurationList;
			buildConfigurations = (
				EB2F775529E9CB62007E87C3 /* Debug */,
				EB2F775629E9CB62007E87C3 /* Release */,
			);
			defaultConfigurationIsVisible = 0;
			defaultConfigurationName = Release;
		};
/* End XCConfigurationList section */

/* Begin XCRemoteSwiftPackageReference section */
		153E7E6029F32BA7003D40F1 /* XCRemoteSwiftPackageReference "SnapKit" */ = {
			isa = XCRemoteSwiftPackageReference;
			repositoryURL = "https://github.com/SnapKit/SnapKit.git";
			requirement = {
				kind = upToNextMajorVersion;
				minimumVersion = 5.0.0;
			};
		};
/* End XCRemoteSwiftPackageReference section */

/* Begin XCSwiftPackageProductDependency section */
		153E7E6129F32BA7003D40F1 /* SnapKit */ = {
			isa = XCSwiftPackageProductDependency;
			package = 153E7E6029F32BA7003D40F1 /* XCRemoteSwiftPackageReference "SnapKit" */;
			productName = SnapKit;
		};
/* End XCSwiftPackageProductDependency section */
	};
	rootObject = EB2F773829E9CB61007E87C3 /* Project object */;
}
